
Microsoft Visual Studio Solution File, Format Version 12.00
# Visual Studio 15
VisualStudioVersion = 15.0.28010.2050
MinimumVisualStudioVersion = 10.0.40219.1
Project("{2150E333-8FDC-42A3-9474-1A3956D46DE8}") = "Solution", "Solution", "{4181FF50-7335-4293-8EE4-66E0C47C736E}"
	ProjectSection(SolutionItems) = preProject
		.gitattributes = .gitattributes
		.gitignore = .gitignore
		.travis.yml = .travis.yml
		License.md = License.md
		ms-icon-310x310.png = ms-icon-310x310.png
		nuget.config = nuget.config
		README.md = README.md
	EndProjectSection
EndProject
Project("{9A19103F-16F7-4668-BE54-9A1E7A4F7556}") = "Ninja.FileUtil", "src\Ninja.FileUtil\Ninja.FileUtil.csproj", "{FD920B11-BA4F-4781-BD56-56CF362982CF}"
EndProject
Project("{9A19103F-16F7-4668-BE54-9A1E7A4F7556}") = "Ninja.FileUtil.Tests", "test\Ninja.FileUtil.Tests\Ninja.FileUtil.Tests.csproj", "{95A1410C-6FB4-446D-A692-9BC018882298}"
EndProject
Global
	GlobalSection(SolutionConfigurationPlatforms) = preSolution
		Debug|Any CPU = Debug|Any CPU
		Release|Any CPU = Release|Any CPU
	EndGlobalSection
	GlobalSection(ProjectConfigurationPlatforms) = postSolution
		{FD920B11-BA4F-4781-BD56-56CF362982CF}.Debug|Any CPU.ActiveCfg = Debug|Any CPU
		{FD920B11-BA4F-4781-BD56-56CF362982CF}.Debug|Any CPU.Build.0 = Debug|Any CPU
		{FD920B11-BA4F-4781-BD56-56CF362982CF}.Release|Any CPU.ActiveCfg = Release|Any CPU
		{FD920B11-BA4F-4781-BD56-56CF362982CF}.Release|Any CPU.Build.0 = Release|Any CPU
		{95A1410C-6FB4-446D-A692-9BC018882298}.Debug|Any CPU.ActiveCfg = Debug|Any CPU
		{95A1410C-6FB4-446D-A692-9BC018882298}.Debug|Any CPU.Build.0 = Debug|Any CPU
		{95A1410C-6FB4-446D-A692-9BC018882298}.Release|Any CPU.ActiveCfg = Release|Any CPU
		{95A1410C-6FB4-446D-A692-9BC018882298}.Release|Any CPU.Build.0 = Release|Any CPU
	EndGlobalSection
	GlobalSection(SolutionProperties) = preSolution
		HideSolutionNode = FALSE
	EndGlobalSection
	GlobalSection(ExtensibilityGlobals) = postSolution
		SolutionGuid = {96B5A6F7-D0A4-4A34-890A-59E971AC4E94}
	EndGlobalSection
EndGlobal
